
Microsoft Visual Studio Solution File, Format Version 12.00
# Visual Studio 2015
Project("{FAE04EC0-301F-11D3-BF4B-00C04F79EFBC}") = "DTYA - Copy.Plugins", "DTYA - Copy.Plugins.csproj", "{37ECD0E3-5683-76A2-3BBC-FF870D7A29D7}"
EndProject
Project("{FAE04EC0-301F-11D3-BF4B-00C04F79EFBC}") = "DTYA - Copy", "DTYA - Copy.csproj", "{8FEE2F3E-6485-223A-D29D-760148362250}"
EndProject
Project("{FAE04EC0-301F-11D3-BF4B-00C04F79EFBC}") = "DTYA - Copy.Editor", "DTYA - Copy.Editor.csproj", "{8DD2CCCE-2E6A-663C-E016-A71AFC7ED20F}"
EndProject
Global
	GlobalSection(SolutionConfigurationPlatforms) = preSolution
		Debug|Any CPU = Debug|Any CPU
		Release|Any CPU = Release|Any CPU
	EndGlobalSection
	GlobalSection(ProjectConfigurationPlatforms) = postSolution
		{37ECD0E3-5683-76A2-3BBC-FF870D7A29D7}.Debug|Any CPU.ActiveCfg = Debug|Any CPU
		{37ECD0E3-5683-76A2-3BBC-FF870D7A29D7}.Debug|Any CPU.Build.0 = Debug|Any CPU
		{37ECD0E3-5683-76A2-3BBC-FF870D7A29D7}.Release|Any CPU.ActiveCfg = Release|Any CPU
		{37ECD0E3-5683-76A2-3BBC-FF870D7A29D7}.Release|Any CPU.Build.0 = Release|Any CPU
		{8FEE2F3E-6485-223A-D29D-760148362250}.Debug|Any CPU.ActiveCfg = Debug|Any CPU
		{8FEE2F3E-6485-223A-D29D-760148362250}.Debug|Any CPU.Build.0 = Debug|Any CPU
		{8FEE2F3E-6485-223A-D29D-760148362250}.Release|Any CPU.ActiveCfg = Release|Any CPU
		{8FEE2F3E-6485-223A-D29D-760148362250}.Release|Any CPU.Build.0 = Release|Any CPU
		{8DD2CCCE-2E6A-663C-E016-A71AFC7ED20F}.Debug|Any CPU.ActiveCfg = Debug|Any CPU
		{8DD2CCCE-2E6A-663C-E016-A71AFC7ED20F}.Debug|Any CPU.Build.0 = Debug|Any CPU
		{8DD2CCCE-2E6A-663C-E016-A71AFC7ED20F}.Release|Any CPU.ActiveCfg = Release|Any CPU
		{8DD2CCCE-2E6A-663C-E016-A71AFC7ED20F}.Release|Any CPU.Build.0 = Release|Any CPU
	EndGlobalSection
	GlobalSection(SolutionProperties) = preSolution
		HideSolutionNode = FALSE
	EndGlobalSection
EndGlobal
